// !$*UTF8*$!
{
	archiveVersion = 1;
	classes = {
	};
	objectVersion = 46;
	objects = {

/* Begin PBXBuildFile section */
		65521A3D1C5F7BFF00BB8333 /* AppDelegate.swift in Sources */ = {isa = PBXBuildFile; fileRef = 65521A3C1C5F7BFF00BB8333 /* AppDelegate.swift */; };
		65521A3F1C5F7BFF00BB8333 /* ViewController.swift in Sources */ = {isa = PBXBuildFile; fileRef = 65521A3E1C5F7BFF00BB8333 /* ViewController.swift */; };
		65521A421C5F7BFF00BB8333 /* Main.storyboard in Resources */ = {isa = PBXBuildFile; fileRef = 65521A401C5F7BFF00BB8333 /* Main.storyboard */; };
		65521A451C5F7BFF00BB8333 /* CoreDataGroceryList.xcdatamodeld in Sources */ = {isa = PBXBuildFile; fileRef = 65521A431C5F7BFF00BB8333 /* CoreDataGroceryList.xcdatamodeld */; };
		65521A471C5F7BFF00BB8333 /* Assets.xcassets in Resources */ = {isa = PBXBuildFile; fileRef = 65521A461C5F7BFF00BB8333 /* Assets.xcassets */; };
		65521A4A1C5F7BFF00BB8333 /* LaunchScreen.storyboard in Resources */ = {isa = PBXBuildFile; fileRef = 65521A481C5F7BFF00BB8333 /* LaunchScreen.storyboard */; };
		65521A551C5F7BFF00BB8333 /* CoreDataGroceryListTests.swift in Sources */ = {isa = PBXBuildFile; fileRef = 65521A541C5F7BFF00BB8333 /* CoreDataGroceryListTests.swift */; };
		65521A601C5F7BFF00BB8333 /* CoreDataGroceryListUITests.swift in Sources */ = {isa = PBXBuildFile; fileRef = 65521A5F1C5F7BFF00BB8333 /* CoreDataGroceryListUITests.swift */; };
/* End PBXBuildFile section */

/* Begin PBXContainerItemProxy section */
		65521A511C5F7BFF00BB8333 /* PBXContainerItemProxy */ = {
			isa = PBXContainerItemProxy;
			containerPortal = 65521A311C5F7BFF00BB8333 /* Project object */;
			proxyType = 1;
			remoteGlobalIDString = 65521A381C5F7BFF00BB8333;
			remoteInfo = CoreDataGroceryList;
		};
		65521A5C1C5F7BFF00BB8333 /* PBXContainerItemProxy */ = {
			isa = PBXContainerItemProxy;
			containerPortal = 65521A311C5F7BFF00BB8333 /* Project object */;
			proxyType = 1;
			remoteGlobalIDString = 65521A381C5F7BFF00BB8333;
			remoteInfo = CoreDataGroceryList;
		};
/* End PBXContainerItemProxy section */

/* Begin PBXFileReference section */
		65521A391C5F7BFF00BB8333 /* CoreDataGroceryList.app */ = {isa = PBXFileReference; explicitFileType = wrapper.application; includeInIndex = 0; path = CoreDataGroceryList.app; sourceTree = BUILT_PRODUCTS_DIR; };
		65521A3C1C5F7BFF00BB8333 /* AppDelegate.swift */ = {isa = PBXFileReference; lastKnownFileType = sourcecode.swift; path = AppDelegate.swift; sourceTree = "<group>"; };
		65521A3E1C5F7BFF00BB8333 /* ViewController.swift */ = {isa = PBXFileReference; lastKnownFileType = sourcecode.swift; path = ViewController.swift; sourceTree = "<group>"; };
		65521A411C5F7BFF00BB8333 /* Base */ = {isa = PBXFileReference; lastKnownFileType = file.storyboard; name = Base; path = Base.lproj/Main.storyboard; sourceTree = "<group>"; };
		65521A441C5F7BFF00BB8333 /* CoreDataGroceryList.xcdatamodel */ = {isa = PBXFileReference; lastKnownFileType = wrapper.xcdatamodel; path = CoreDataGroceryList.xcdatamodel; sourceTree = "<group>"; };
		65521A461C5F7BFF00BB8333 /* Assets.xcassets */ = {isa = PBXFileReference; lastKnownFileType = folder.assetcatalog; path = Assets.xcassets; sourceTree = "<group>"; };
		65521A491C5F7BFF00BB8333 /* Base */ = {isa = PBXFileReference; lastKnownFileType = file.storyboard; name = Base; path = Base.lproj/LaunchScreen.storyboard; sourceTree = "<group>"; };
		65521A4B1C5F7BFF00BB8333 /* Info.plist */ = {isa = PBXFileReference; lastKnownFileType = text.plist.xml; path = Info.plist; sourceTree = "<group>"; };
		65521A501C5F7BFF00BB8333 /* CoreDataGroceryListTests.xctest */ = {isa = PBXFileReference; explicitFileType = wrapper.cfbundle; includeInIndex = 0; path = CoreDataGroceryListTests.xctest; sourceTree = BUILT_PRODUCTS_DIR; };
		65521A541C5F7BFF00BB8333 /* CoreDataGroceryListTests.swift */ = {isa = PBXFileReference; lastKnownFileType = sourcecode.swift; path = CoreDataGroceryListTests.swift; sourceTree = "<group>"; };
		65521A561C5F7BFF00BB8333 /* Info.plist */ = {isa = PBXFileReference; lastKnownFileType = text.plist.xml; path = Info.plist; sourceTree = "<group>"; };
		65521A5B1C5F7BFF00BB8333 /* CoreDataGroceryListUITests.xctest */ = {isa = PBXFileReference; explicitFileType = wrapper.cfbundle; includeInIndex = 0; path = CoreDataGroceryListUITests.xctest; sourceTree = BUILT_PRODUCTS_DIR; };
		65521A5F1C5F7BFF00BB8333 /* CoreDataGroceryListUITests.swift */ = {isa = PBXFileReference; lastKnownFileType = sourcecode.swift; path = CoreDataGroceryListUITests.swift; sourceTree = "<group>"; };
		65521A611C5F7BFF00BB8333 /* Info.plist */ = {isa = PBXFileReference; lastKnownFileType = text.plist.xml; path = Info.plist; sourceTree = "<group>"; };
/* End PBXFileReference section */

/* Begin PBXFrameworksBuildPhase section */
		65521A361C5F7BFF00BB8333 /* Frameworks */ = {
			isa = PBXFrameworksBuildPhase;
			buildActionMask = 2147483647;
			files = (
			);
			runOnlyForDeploymentPostprocessing = 0;
		};
		65521A4D1C5F7BFF00BB8333 /* Frameworks */ = {
			isa = PBXFrameworksBuildPhase;
			buildActionMask = 2147483647;
			files = (
			);
			runOnlyForDeploymentPostprocessing = 0;
		};
		65521A581C5F7BFF00BB8333 /* Frameworks */ = {
			isa = PBXFrameworksBuildPhase;
			buildActionMask = 2147483647;
			files = (
			);
			runOnlyForDeploymentPostprocessing = 0;
		};
/* End PBXFrameworksBuildPhase section */

/* Begin PBXGroup section */
		65521A301C5F7BFF00BB8333 = {
			isa = PBXGroup;
			children = (
				65521A3B1C5F7BFF00BB8333 /* CoreDataGroceryList */,
				65521A531C5F7BFF00BB8333 /* CoreDataGroceryListTests */,
				65521A5E1C5F7BFF00BB8333 /* CoreDataGroceryListUITests */,
				65521A3A1C5F7BFF00BB8333 /* Products */,
			);
			sourceTree = "<group>";
		};
		65521A3A1C5F7BFF00BB8333 /* Products */ = {
			isa = PBXGroup;
			children = (
				65521A391C5F7BFF00BB8333 /* CoreDataGroceryList.app */,
				65521A501C5F7BFF00BB8333 /* CoreDataGroceryListTests.xctest */,
				65521A5B1C5F7BFF00BB8333 /* CoreDataGroceryListUITests.xctest */,
			);
			name = Products;
			sourceTree = "<group>";
		};
		65521A3B1C5F7BFF00BB8333 /* CoreDataGroceryList */ = {
			isa = PBXGroup;
			children = (
				65521A3C1C5F7BFF00BB8333 /* AppDelegate.swift */,
				65521A3E1C5F7BFF00BB8333 /* ViewController.swift */,
				65521A401C5F7BFF00BB8333 /* Main.storyboard */,
				65521A461C5F7BFF00BB8333 /* Assets.xcassets */,
				65521A481C5F7BFF00BB8333 /* LaunchScreen.storyboard */,
				65521A4B1C5F7BFF00BB8333 /* Info.plist */,
				65521A431C5F7BFF00BB8333 /* CoreDataGroceryList.xcdatamodeld */,
			);
			path = CoreDataGroceryList;
			sourceTree = "<group>";
		};
		65521A531C5F7BFF00BB8333 /* CoreDataGroceryListTests */ = {
			isa = PBXGroup;
			children = (
				65521A541C5F7BFF00BB8333 /* CoreDataGroceryListTests.swift */,
				65521A561C5F7BFF00BB8333 /* Info.plist */,
			);
			path = CoreDataGroceryListTests;
			sourceTree = "<group>";
		};
		65521A5E1C5F7BFF00BB8333 /* CoreDataGroceryListUITests */ = {
			isa = PBXGroup;
			children = (
				65521A5F1C5F7BFF00BB8333 /* CoreDataGroceryListUITests.swift */,
				65521A611C5F7BFF00BB8333 /* Info.plist */,
			);
			path = CoreDataGroceryListUITests;
			sourceTree = "<group>";
		};
/* End PBXGroup section */

/* Begin PBXNativeTarget section */
		65521A381C5F7BFF00BB8333 /* CoreDataGroceryList */ = {
			isa = PBXNativeTarget;
			buildConfigurationList = 65521A641C5F7BFF00BB8333 /* Build configuration list for PBXNativeTarget "CoreDataGroceryList" */;
			buildPhases = (
				65521A351C5F7BFF00BB8333 /* Sources */,
				65521A361C5F7BFF00BB8333 /* Frameworks */,
				65521A371C5F7BFF00BB8333 /* Resources */,
			);
			buildRules = (
			);
			dependencies = (
			);
			name = CoreDataGroceryList;
			productName = CoreDataGroceryList;
			productReference = 65521A391C5F7BFF00BB8333 /* CoreDataGroceryList.app */;
			productType = "com.apple.product-type.application";
		};
		65521A4F1C5F7BFF00BB8333 /* CoreDataGroceryListTests */ = {
			isa = PBXNativeTarget;
			buildConfigurationList = 65521A671C5F7BFF00BB8333 /* Build configuration list for PBXNativeTarget "CoreDataGroceryListTests" */;
			buildPhases = (
				65521A4C1C5F7BFF00BB8333 /* Sources */,
				65521A4D1C5F7BFF00BB8333 /* Frameworks */,
				65521A4E1C5F7BFF00BB8333 /* Resources */,
			);
			buildRules = (
			);
			dependencies = (
				65521A521C5F7BFF00BB8333 /* PBXTargetDependency */,
			);
			name = CoreDataGroceryListTests;
			productName = CoreDataGroceryListTests;
			productReference = 65521A501C5F7BFF00BB8333 /* CoreDataGroceryListTests.xctest */;
			productType = "com.apple.product-type.bundle.unit-test";
		};
		65521A5A1C5F7BFF00BB8333 /* CoreDataGroceryListUITests */ = {
			isa = PBXNativeTarget;
			buildConfigurationList = 65521A6A1C5F7BFF00BB8333 /* Build configuration list for PBXNativeTarget "CoreDataGroceryListUITests" */;
			buildPhases = (
				65521A571C5F7BFF00BB8333 /* Sources */,
				65521A581C5F7BFF00BB8333 /* Frameworks */,
				65521A591C5F7BFF00BB8333 /* Resources */,
			);
			buildRules = (
			);
			dependencies = (
				65521A5D1C5F7BFF00BB8333 /* PBXTargetDependency */,
			);
			name = CoreDataGroceryListUITests;
			productName = CoreDataGroceryListUITests;
			productReference = 65521A5B1C5F7BFF00BB8333 /* CoreDataGroceryListUITests.xctest */;
			productType = "com.apple.product-type.bundle.ui-testing";
		};
/* End PBXNativeTarget section */

/* Begin PBXProject section */
		65521A311C5F7BFF00BB8333 /* Project object */ = {
			isa = PBXProject;
			attributes = {
				LastSwiftUpdateCheck = 0720;
				LastUpgradeCheck = 0720;
				ORGANIZATIONNAME = "Lin Wei";
				TargetAttributes = {
					65521A381C5F7BFF00BB8333 = {
						CreatedOnToolsVersion = 7.2;
					};
					65521A4F1C5F7BFF00BB8333 = {
						CreatedOnToolsVersion = 7.2;
						TestTargetID = 65521A381C5F7BFF00BB8333;
					};
					65521A5A1C5F7BFF00BB8333 = {
						CreatedOnToolsVersion = 7.2;
						TestTargetID = 65521A381C5F7BFF00BB8333;
					};
				};
			};
			buildConfigurationList = 65521A341C5F7BFF00BB8333 /* Build configuration list for PBXProject "CoreDataGroceryList" */;
			compatibilityVersion = "Xcode 3.2";
			developmentRegion = English;
			hasScannedForEncodings = 0;
			knownRegions = (
				en,
				Base,
			);
			mainGroup = 65521A301C5F7BFF00BB8333;
			productRefGroup = 65521A3A1C5F7BFF00BB8333 /* Products */;
			projectDirPath = "";
			projectRoot = "";
			targets = (
				65521A381C5F7BFF00BB8333 /* CoreDataGroceryList */,
				65521A4F1C5F7BFF00BB8333 /* CoreDataGroceryListTests */,
				65521A5A1C5F7BFF00BB8333 /* CoreDataGroceryListUITests */,
			);
		};
/* End PBXProject section */

/* Begin PBXResourcesBuildPhase section */
		65521A371C5F7BFF00BB8333 /* Resources */ = {
			isa = PBXResourcesBuildPhase;
			buildActionMask = 2147483647;
			files = (
				65521A4A1C5F7BFF00BB8333 /* LaunchScreen.storyboard in Resources */,
				65521A471C5F7BFF00BB8333 /* Assets.xcassets in Resources */,
				65521A421C5F7BFF00BB8333 /* Main.storyboard in Resources */,
			);
			runOnlyForDeploymentPostprocessing = 0;
		};
		65521A4E1C5F7BFF00BB8333 /* Resources */ = {
			isa = PBXResourcesBuildPhase;
			buildActionMask = 2147483647;
			files = (
			);
			runOnlyForDeploymentPostprocessing = 0;
		};
		65521A591C5F7BFF00BB8333 /* Resources */ = {
			isa = PBXResourcesBuildPhase;
			buildActionMask = 2147483647;
			files = (
			);
			runOnlyForDeploymentPostprocessing = 0;
		};
/* End PBXResourcesBuildPhase section */

/* Begin PBXSourcesBuildPhase section */
		65521A351C5F7BFF00BB8333 /* Sources */ = {
			isa = PBXSourcesBuildPhase;
			buildActionMask = 2147483647;
			files = (
				65521A3F1C5F7BFF00BB8333 /* ViewController.swift in Sources */,
				65521A451C5F7BFF00BB8333 /* CoreDataGroceryList.xcdatamodeld in Sources */,
				65521A3D1C5F7BFF00BB8333 /* AppDelegate.swift in Sources */,
			);
			runOnlyForDeploymentPostprocessing = 0;
		};
		65521A4C1C5F7BFF00BB8333 /* Sources */ = {
			isa = PBXSourcesBuildPhase;
			buildActionMask = 2147483647;
			files = (
				65521A551C5F7BFF00BB8333 /* CoreDataGroceryListTests.swift in Sources */,
			);
			runOnlyForDeploymentPostprocessing = 0;
		};
		65521A571C5F7BFF00BB8333 /* Sources */ = {
			isa = PBXSourcesBuildPhase;
			buildActionMask = 2147483647;
			files = (
				65521A601C5F7BFF00BB8333 /* CoreDataGroceryListUITests.swift in Sources */,
			);
			runOnlyForDeploymentPostprocessing = 0;
		};
/* End PBXSourcesBuildPhase section */

/* Begin PBXTargetDependency section */
		65521A521C5F7BFF00BB8333 /* PBXTargetDependency */ = {
			isa = PBXTargetDependency;
			target = 65521A381C5F7BFF00BB8333 /* CoreDataGroceryList */;
			targetProxy = 65521A511C5F7BFF00BB8333 /* PBXContainerItemProxy */;
		};
		65521A5D1C5F7BFF00BB8333 /* PBXTargetDependency */ = {
			isa = PBXTargetDependency;
			target = 65521A381C5F7BFF00BB8333 /* CoreDataGroceryList */;
			targetProxy = 65521A5C1C5F7BFF00BB8333 /* PBXContainerItemProxy */;
		};
/* End PBXTargetDependency section */

/* Begin PBXVariantGroup section */
		65521A401C5F7BFF00BB8333 /* Main.storyboard */ = {
			isa = PBXVariantGroup;
			children = (
				65521A411C5F7BFF00BB8333 /* Base */,
			);
			name = Main.storyboard;
			sourceTree = "<group>";
		};
		65521A481C5F7BFF00BB8333 /* LaunchScreen.storyboard */ = {
			isa = PBXVariantGroup;
			children = (
				65521A491C5F7BFF00BB8333 /* Base */,
			);
			name = LaunchScreen.storyboard;
			sourceTree = "<group>";
		};
/* End PBXVariantGroup section */

/* Begin XCBuildConfiguration section */
		65521A621C5F7BFF00BB8333 /* Debug */ = {
			isa = XCBuildConfiguration;
			buildSettings = {
				ALWAYS_SEARCH_USER_PATHS = NO;
				CLANG_CXX_LANGUAGE_STANDARD = "gnu++0x";
				CLANG_CXX_LIBRARY = "libc++";
				CLANG_ENABLE_MODULES = YES;
				CLANG_ENABLE_OBJC_ARC = YES;
				CLANG_WARN_BOOL_CONVERSION = YES;
				CLANG_WARN_CONSTANT_CONVERSION = YES;
				CLANG_WARN_DIRECT_OBJC_ISA_USAGE = YES_ERROR;
				CLANG_WARN_EMPTY_BODY = YES;
				CLANG_WARN_ENUM_CONVERSION = YES;
				CLANG_WARN_INT_CONVERSION = YES;
				CLANG_WARN_OBJC_ROOT_CLASS = YES_ERROR;
				CLANG_WARN_UNREACHABLE_CODE = YES;
				CLANG_WARN__DUPLICATE_METHOD_MATCH = YES;
				"CODE_SIGN_IDENTITY[sdk=iphoneos*]" = "iPhone Developer";
				COPY_PHASE_STRIP = NO;
				DEBUG_INFORMATION_FORMAT = dwarf;
				ENABLE_STRICT_OBJC_MSGSEND = YES;
				ENABLE_TESTABILITY = YES;
				GCC_C_LANGUAGE_STANDARD = gnu99;
				GCC_DYNAMIC_NO_PIC = NO;
				GCC_NO_COMMON_BLOCKS = YES;
				GCC_OPTIMIZATION_LEVEL = 0;
				GCC_PREPROCESSOR_DEFINITIONS = (
					"DEBUG=1",
					"$(inherited)",
				);
				GCC_WARN_64_TO_32_BIT_CONVERSION = YES;
				GCC_WARN_ABOUT_RETURN_TYPE = YES_ERROR;
				GCC_WARN_UNDECLARED_SELECTOR = YES;
				GCC_WARN_UNINITIALIZED_AUTOS = YES_AGGRESSIVE;
				GCC_WARN_UNUSED_FUNCTION = YES;
				GCC_WARN_UNUSED_VARIABLE = YES;
				IPHONEOS_DEPLOYMENT_TARGET = 9.2;
				MTL_ENABLE_DEBUG_INFO = YES;
				ONLY_ACTIVE_ARCH = YES;
				SDKROOT = iphoneos;
				SWIFT_OPTIMIZATION_LEVEL = "-Onone";
				TARGETED_DEVICE_FAMILY = "1,2";
			};
			name = Debug;
		};
		65521A631C5F7BFF00BB8333 /* Release */ = {
			isa = XCBuildConfiguration;
			buildSettings = {
				ALWAYS_SEARCH_USER_PATHS = NO;
				CLANG_CXX_LANGUAGE_STANDARD = "gnu++0x";
				CLANG_CXX_LIBRARY = "libc++";
				CLANG_ENABLE_MODULES = YES;
				CLANG_ENABLE_OBJC_ARC = YES;
				CLANG_WARN_BOOL_CONVERSION = YES;
				CLANG_WARN_CONSTANT_CONVERSION = YES;
				CLANG_WARN_DIRECT_OBJC_ISA_USAGE = YES_ERROR;
				CLANG_WARN_EMPTY_BODY = YES;
				CLANG_WARN_ENUM_CONVERSION = YES;
				CLANG_WARN_INT_CONVERSION = YES;
				CLANG_WARN_OBJC_ROOT_CLASS = YES_ERROR;
				CLANG_WARN_UNREACHABLE_CODE = YES;
				CLANG_WARN__DUPLICATE_METHOD_MATCH = YES;
				"CODE_SIGN_IDENTITY[sdk=iphoneos*]" = "iPhone Developer";
				COPY_PHASE_STRIP = NO;
				DEBUG_INFORMATION_FORMAT = "dwarf-with-dsym";
				ENABLE_NS_ASSERTIONS = NO;
				ENABLE_STRICT_OBJC_MSGSEND = YES;
				GCC_C_LANGUAGE_STANDARD = gnu99;
				GCC_NO_COMMON_BLOCKS = YES;
				GCC_WARN_64_TO_32_BIT_CONVERSION = YES;
				GCC_WARN_ABOUT_RETURN_TYPE = YES_ERROR;
				GCC_WARN_UNDECLARED_SELECTOR = YES;
				GCC_WARN_UNINITIALIZED_AUTOS = YES_AGGRESSIVE;
				GCC_WARN_UNUSED_FUNCTION = YES;
				GCC_WARN_UNUSED_VARIABLE = YES;
				IPHONEOS_DEPLOYMENT_TARGET = 9.2;
				MTL_ENABLE_DEBUG_INFO = NO;
				SDKROOT = iphoneos;
				TARGETED_DEVICE_FAMILY = "1,2";
				VALIDATE_PRODUCT = YES;
			};
			name = Release;
		};
		65521A651C5F7BFF00BB8333 /* Debug */ = {
			isa = XCBuildConfiguration;
			buildSettings = {
				ASSETCATALOG_COMPILER_APPICON_NAME = AppIcon;
				INFOPLIST_FILE = CoreDataGroceryList/Info.plist;
				LD_RUNPATH_SEARCH_PATHS = "$(inherited) @executable_path/Frameworks";
				PRODUCT_BUNDLE_IDENTIFIER = company.CoreDataGroceryList;
				PRODUCT_NAME = "$(TARGET_NAME)";
			};
			name = Debug;
		};
		65521A661C5F7BFF00BB8333 /* Release */ = {
			isa = XCBuildConfiguration;
			buildSettings = {
				ASSETCATALOG_COMPILER_APPICON_NAME = AppIcon;
				INFOPLIST_FILE = CoreDataGroceryList/Info.plist;
				LD_RUNPATH_SEARCH_PATHS = "$(inherited) @executable_path/Frameworks";
				PRODUCT_BUNDLE_IDENTIFIER = company.CoreDataGroceryList;
				PRODUCT_NAME = "$(TARGET_NAME)";
			};
			name = Release;
		};
		65521A681C5F7BFF00BB8333 /* Debug */ = {
			isa = XCBuildConfiguration;
			buildSettings = {
				BUNDLE_LOADER = "$(TEST_HOST)";
				INFOPLIST_FILE = CoreDataGroceryListTests/Info.plist;
				LD_RUNPATH_SEARCH_PATHS = "$(inherited) @executable_path/Frameworks @loader_path/Frameworks";
				PRODUCT_BUNDLE_IDENTIFIER = company.CoreDataGroceryListTests;
				PRODUCT_NAME = "$(TARGET_NAME)";
				TEST_HOST = "$(BUILT_PRODUCTS_DIR)/CoreDataGroceryList.app/CoreDataGroceryList";
			};
			name = Debug;
		};
		65521A691C5F7BFF00BB8333 /* Release */ = {
			isa = XCBuildConfiguration;
			buildSettings = {
				BUNDLE_LOADER = "$(TEST_HOST)";
				INFOPLIST_FILE = CoreDataGroceryListTests/Info.plist;
				LD_RUNPATH_SEARCH_PATHS = "$(inherited) @executable_path/Frameworks @loader_path/Frameworks";
				PRODUCT_BUNDLE_IDENTIFIER = company.CoreDataGroceryListTests;
				PRODUCT_NAME = "$(TARGET_NAME)";
				TEST_HOST = "$(BUILT_PRODUCTS_DIR)/CoreDataGroceryList.app/CoreDataGroceryList";
			};
			name = Release;
		};
		65521A6B1C5F7BFF00BB8333 /* Debug */ = {
			isa = XCBuildConfiguration;
			buildSettings = {
				INFOPLIST_FILE = CoreDataGroceryListUITests/Info.plist;
				LD_RUNPATH_SEARCH_PATHS = "$(inherited) @executable_path/Frameworks @loader_path/Frameworks";
				PRODUCT_BUNDLE_IDENTIFIER = company.CoreDataGroceryListUITests;
				PRODUCT_NAME = "$(TARGET_NAME)";
				TEST_TARGET_NAME = CoreDataGroceryList;
				USES_XCTRUNNER = YES;
			};
			name = Debug;
		};
		65521A6C1C5F7BFF00BB8333 /* Release */ = {
			isa = XCBuildConfiguration;
			buildSettings = {
				INFOPLIST_FILE = CoreDataGroceryListUITests/Info.plist;
				LD_RUNPATH_SEARCH_PATHS = "$(inherited) @executable_path/Frameworks @loader_path/Frameworks";
				PRODUCT_BUNDLE_IDENTIFIER = company.CoreDataGroceryListUITests;
				PRODUCT_NAME = "$(TARGET_NAME)";
				TEST_TARGET_NAME = CoreDataGroceryList;
				USES_XCTRUNNER = YES;
			};
			name = Release;
		};
/* End XCBuildConfiguration section */

/* Begin XCConfigurationList section */
		65521A341C5F7BFF00BB8333 /* Build configuration list for PBXProject "CoreDataGroceryList" */ = {
			isa = XCConfigurationList;
			buildConfigurations = (
				65521A621C5F7BFF00BB8333 /* Debug */,
				65521A631C5F7BFF00BB8333 /* Release */,
			);
			defaultConfigurationIsVisible = 0;
			defaultConfigurationName = Release;
		};
		65521A641C5F7BFF00BB8333 /* Build configuration list for PBXNativeTarget "CoreDataGroceryList" */ = {
			isa = XCConfigurationList;
			buildConfigurations = (
				65521A651C5F7BFF00BB8333 /* Debug */,
				65521A661C5F7BFF00BB8333 /* Release */,
			);
			defaultConfigurationIsVisible = 0;
		};
		65521A671C5F7BFF00BB8333 /* Build configuration list for PBXNativeTarget "CoreDataGroceryListTests" */ = {
			isa = XCConfigurationList;
			buildConfigurations = (
				65521A681C5F7BFF00BB8333 /* Debug */,
				65521A691C5F7BFF00BB8333 /* Release */,
			);
			defaultConfigurationIsVisible = 0;
		};
		65521A6A1C5F7BFF00BB8333 /* Build configuration list for PBXNativeTarget "CoreDataGroceryListUITests" */ = {
			isa = XCConfigurationList;
			buildConfigurations = (
				65521A6B1C5F7BFF00BB8333 /* Debug */,
				65521A6C1C5F7BFF00BB8333 /* Release */,
			);
			defaultConfigurationIsVisible = 0;
		};
/* End XCConfigurationList section */

/* Begin XCVersionGroup section */
		65521A431C5F7BFF00BB8333 /* CoreDataGroceryList.xcdatamodeld */ = {
			isa = XCVersionGroup;
			children = (
				65521A441C5F7BFF00BB8333 /* CoreDataGroceryList.xcdatamodel */,
			);
			currentVersion = 65521A441C5F7BFF00BB8333 /* CoreDataGroceryList.xcdatamodel */;
			path = CoreDataGroceryList.xcdatamodeld;
			sourceTree = "<group>";
			versionGroupType = wrapper.xcdatamodel;
		};
/* End XCVersionGroup section */
	};
	rootObject = 65521A311C5F7BFF00BB8333 /* Project object */;
}
